
Microsoft Visual Studio Solution File, Format Version 12.00
# Visual Studio Version 17
VisualStudioVersion = 17.9.34728.123
MinimumVisualStudioVersion = 10.0.40219.1
Project("{FAE04EC0-301F-11D3-BF4B-00C04F79EFBC}") = "MapsuiDemo", "MapsuiDemo\MapsuiDemo.csproj", "{D42C89CB-E5F4-47DB-8555-DD3550802541}"
EndProject
Global
	GlobalSection(SolutionConfigurationPlatforms) = preSolution
		Debug|Any CPU = Debug|Any CPU
		Release|Any CPU = Release|Any CPU
	EndGlobalSection
	GlobalSection(ProjectConfigurationPlatforms) = postSolution
		{D42C89CB-E5F4-47DB-8555-DD3550802541}.Debug|Any CPU.ActiveCfg = Debug|Any CPU
		{D42C89CB-E5F4-47DB-8555-DD3550802541}.Debug|Any CPU.Build.0 = Debug|Any CPU
		{D42C89CB-E5F4-47DB-8555-DD3550802541}.Release|Any CPU.ActiveCfg = Release|Any CPU
		{D42C89CB-E5F4-47DB-8555-DD3550802541}.Release|Any CPU.Build.0 = Release|Any CPU
	EndGlobalSection
	GlobalSection(SolutionProperties) = preSolution
		HideSolutionNode = FALSE
	EndGlobalSection
	GlobalSection(ExtensibilityGlobals) = postSolution
		SolutionGuid = {D798047F-CA90-4D44-B40A-87F6F3DD1A6A}
	EndGlobalSection
EndGlobal
